
Microsoft Visual Studio Solution File, Format Version 12.00
# Visual Studio Version 17
VisualStudioVersion = 17.3.32901.215
MinimumVisualStudioVersion = 10.0.40219.1
Project("{FAE04EC0-301F-11D3-BF4B-00C04F79EFBC}") = "200601078_Metehan_Yanik", "200601078_Metehan_Yanik\200601078_Metehan_Yanik.csproj", "{A522284B-CE62-44C9-BDDB-F7219B742A80}"
EndProject
Global
	GlobalSection(SolutionConfigurationPlatforms) = preSolution
		Debug|Any CPU = Debug|Any CPU
		Release|Any CPU = Release|Any CPU
	EndGlobalSection
	GlobalSection(ProjectConfigurationPlatforms) = postSolution
		{A522284B-CE62-44C9-BDDB-F7219B742A80}.Debug|Any CPU.ActiveCfg = Debug|Any CPU
		{A522284B-CE62-44C9-BDDB-F7219B742A80}.Debug|Any CPU.Build.0 = Debug|Any CPU
		{A522284B-CE62-44C9-BDDB-F7219B742A80}.Release|Any CPU.ActiveCfg = Release|Any CPU
		{A522284B-CE62-44C9-BDDB-F7219B742A80}.Release|Any CPU.Build.0 = Release|Any CPU
	EndGlobalSection
	GlobalSection(SolutionProperties) = preSolution
		HideSolutionNode = FALSE
	EndGlobalSection
	GlobalSection(ExtensibilityGlobals) = postSolution
		SolutionGuid = {08C54DCB-ED34-4FFC-9220-9D0A82105ABF}
	EndGlobalSection
EndGlobal
